
Microsoft Visual Studio Solution File, Format Version 12.00
# Visual Studio 14
VisualStudioVersion = 14.0.24720.0
MinimumVisualStudioVersion = 10.0.40219.1
Project("{2150E333-8FDC-42A3-9474-1A3956D46DE8}") = "src", "src", "{02A993D9-DC71-4366-BF2D-749CFE00083A}"
EndProject
Project("{2150E333-8FDC-42A3-9474-1A3956D46DE8}") = "Solution Items", "Solution Items", "{6B259C3E-8834-40E8-8329-B3F4256CA5A2}"
	ProjectSection(SolutionItems) = preProject
		global.json = global.json
	EndProjectSection
EndProject
Project("{8BB2217D-0F2D-49D1-97BC-3654ED321F3B}") = "KeepItSolved", "src\KeepItSolved\KeepItSolved.xproj", "{7C80DCE6-1CFF-4EED-87C0-05E3D5611182}"
EndProject
Global
	GlobalSection(SolutionConfigurationPlatforms) = preSolution
		Debug|Any CPU = Debug|Any CPU
		Release|Any CPU = Release|Any CPU
	EndGlobalSection
	GlobalSection(ProjectConfigurationPlatforms) = postSolution
		{7C80DCE6-1CFF-4EED-87C0-05E3D5611182}.Debug|Any CPU.ActiveCfg = Debug|Any CPU
		{7C80DCE6-1CFF-4EED-87C0-05E3D5611182}.Debug|Any CPU.Build.0 = Debug|Any CPU
		{7C80DCE6-1CFF-4EED-87C0-05E3D5611182}.Release|Any CPU.ActiveCfg = Release|Any CPU
		{7C80DCE6-1CFF-4EED-87C0-05E3D5611182}.Release|Any CPU.Build.0 = Release|Any CPU
	EndGlobalSection
	GlobalSection(SolutionProperties) = preSolution
		HideSolutionNode = FALSE
	EndGlobalSection
	GlobalSection(NestedProjects) = preSolution
		{7C80DCE6-1CFF-4EED-87C0-05E3D5611182} = {02A993D9-DC71-4366-BF2D-749CFE00083A}
	EndGlobalSection
EndGlobal
